{
    "name": "template-base",
    "version": "0.0.1",
    "lockfileVersion": 2,
    "requires": true,
    "packages": {
        "": {
            "name": "template-base",
            "version": "0.0.1",
            "devDependencies": {
                "@lars-reimann/prettier-config": "^5.0.0"
            }
        },
        "node_modules/@lars-reimann/prettier-config": {
            "version": "5.0.0",
            "resolved": "https://registry.npmjs.org/@lars-reimann/prettier-config/-/prettier-config-5.0.0.tgz",
            "integrity": "sha512-52Ha8xMKpQESiaEzceWgyQb+fuPVD3wl2p6Op1mpLyLj6natjq7Vy8lAmbWS3AbPRjPlJZZHnp/b+sOAOdNqbA==",
            "dev": true,
            "peerDependencies": {
                "prettier": ">= 2"
            }
        },
        "node_modules/prettier": {
            "version": "2.4.1",
            "resolved": "https://registry.npmjs.org/prettier/-/prettier-2.4.1.tgz",
            "integrity": "sha512-9fbDAXSBcc6Bs1mZrDYb3XKzDLm4EXXL9sC1LqKP5rZkT6KRr/rf9amVUcODVXgguK/isJz0d0hP72WeaKWsvA==",
            "dev": true,
            "peer": true,
            "bin": {
                "prettier": "bin-prettier.js"
            },
            "engines": {
                "node": ">=10.13.0"
            }
        }
    },
    "dependencies": {
        "@lars-reimann/prettier-config": {
            "version": "5.0.0",
            "resolved": "https://registry.npmjs.org/@lars-reimann/prettier-config/-/prettier-config-5.0.0.tgz",
            "integrity": "sha512-52Ha8xMKpQESiaEzceWgyQb+fuPVD3wl2p6Op1mpLyLj6natjq7Vy8lAmbWS3AbPRjPlJZZHnp/b+sOAOdNqbA==",
            "dev": true,
            "requires": {}
        },
        "prettier": {
            "version": "2.4.1",
            "resolved": "https://registry.npmjs.org/prettier/-/prettier-2.4.1.tgz",
            "integrity": "sha512-9fbDAXSBcc6Bs1mZrDYb3XKzDLm4EXXL9sC1LqKP5rZkT6KRr/rf9amVUcODVXgguK/isJz0d0hP72WeaKWsvA==",
            "dev": true,
            "peer": true
        }
    }
}
