{
    "name": "template-base",
    "version": "0.0.1",
    "lockfileVersion": 2,
    "requires": true,
    "packages": {
        "": {
            "name": "template-base",
            "version": "0.0.1",
            "devDependencies": {
                "@lars-reimann/prettier-config": "^5.1.0"
            }
        },
        "node_modules/@lars-reimann/prettier-config": {
            "version": "5.1.0",
            "resolved": "https://registry.npmjs.org/@lars-reimann/prettier-config/-/prettier-config-5.1.0.tgz",
            "integrity": "sha512-tV35WW1NJd2GRKA4Kq5QmsjnmeCSvEdjvsQ5VTcIb0vpIQnBI74xLiUM50ojBMGh2MRyGWgH3frwXeeNJBM2zA==",
            "dev": true,
            "peerDependencies": {
                "prettier": "^3.2.5"
            }
        },
        "node_modules/prettier": {
            "version": "3.2.5",
            "resolved": "https://registry.npmjs.org/prettier/-/prettier-3.2.5.tgz",
            "integrity": "sha512-3/GWa9aOC0YeD7LUfvOG2NiDyhOWRvt1k+rcKhOuYnMY24iiCphgneUfJDyFXd6rZCAnuLBv6UeAULtrhT/F4A==",
            "dev": true,
            "peer": true,
            "bin": {
                "prettier": "bin/prettier.cjs"
            },
            "engines": {
                "node": ">=14"
            },
            "funding": {
                "url": "https://github.com/prettier/prettier?sponsor=1"
            }
        }
    },
    "dependencies": {
        "@lars-reimann/prettier-config": {
            "version": "5.1.0",
            "resolved": "https://registry.npmjs.org/@lars-reimann/prettier-config/-/prettier-config-5.1.0.tgz",
            "integrity": "sha512-tV35WW1NJd2GRKA4Kq5QmsjnmeCSvEdjvsQ5VTcIb0vpIQnBI74xLiUM50ojBMGh2MRyGWgH3frwXeeNJBM2zA==",
            "dev": true,
            "requires": {}
        },
        "prettier": {
            "version": "3.2.5",
            "resolved": "https://registry.npmjs.org/prettier/-/prettier-3.2.5.tgz",
            "integrity": "sha512-3/GWa9aOC0YeD7LUfvOG2NiDyhOWRvt1k+rcKhOuYnMY24iiCphgneUfJDyFXd6rZCAnuLBv6UeAULtrhT/F4A==",
            "dev": true,
            "peer": true
        }
    }
}
